// !$*UTF8*$!
{
	archiveVersion = 1;
	classes = {
	};
	objectVersion = 50;
	objects = {

/* Begin PBXBuildFile section */
		8222FE92256E818A00676CC2 /* ComplexNumberTests.swift in Sources */ = {isa = PBXBuildFile; fileRef = 8222FE91256E818A00676CC2 /* ComplexNumberTests.swift */; };
		826755902535BE380030B63E /* AppDelegate.swift in Sources */ = {isa = PBXBuildFile; fileRef = 8267558F2535BE380030B63E /* AppDelegate.swift */; };
		826755922535BE380030B63E /* SceneDelegate.swift in Sources */ = {isa = PBXBuildFile; fileRef = 826755912535BE380030B63E /* SceneDelegate.swift */; };
		826755942535BE380030B63E /* ViewController.swift in Sources */ = {isa = PBXBuildFile; fileRef = 826755932535BE380030B63E /* ViewController.swift */; };
		826755972535BE380030B63E /* Main.storyboard in Resources */ = {isa = PBXBuildFile; fileRef = 826755952535BE380030B63E /* Main.storyboard */; };
		826755992535BE3D0030B63E /* Assets.xcassets in Resources */ = {isa = PBXBuildFile; fileRef = 826755982535BE3D0030B63E /* Assets.xcassets */; };
		8267559C2535BE3D0030B63E /* LaunchScreen.storyboard in Resources */ = {isa = PBXBuildFile; fileRef = 8267559A2535BE3D0030B63E /* LaunchScreen.storyboard */; };
		826755B22535BE3E0030B63E /* contest04UITests.swift in Sources */ = {isa = PBXBuildFile; fileRef = 826755B12535BE3E0030B63E /* contest04UITests.swift */; };
		826755C32535BFF50030B63E /* TankView.swift in Sources */ = {isa = PBXBuildFile; fileRef = 826755C22535BFF50030B63E /* TankView.swift */; };
/* End PBXBuildFile section */

/* Begin PBXContainerItemProxy section */
		826755A32535BE3E0030B63E /* PBXContainerItemProxy */ = {
			isa = PBXContainerItemProxy;
			containerPortal = 826755842535BE370030B63E /* Project object */;
			proxyType = 1;
			remoteGlobalIDString = 8267558B2535BE370030B63E;
			remoteInfo = contest04;
		};
		826755AE2535BE3E0030B63E /* PBXContainerItemProxy */ = {
			isa = PBXContainerItemProxy;
			containerPortal = 826755842535BE370030B63E /* Project object */;
			proxyType = 1;
			remoteGlobalIDString = 8267558B2535BE370030B63E;
			remoteInfo = contest04;
		};
/* End PBXContainerItemProxy section */

/* Begin PBXFileReference section */
		8222FE91256E818A00676CC2 /* ComplexNumberTests.swift */ = {isa = PBXFileReference; lastKnownFileType = sourcecode.swift; path = ComplexNumberTests.swift; sourceTree = "<group>"; };
		8267558C2535BE380030B63E /* contest04.app */ = {isa = PBXFileReference; explicitFileType = wrapper.application; includeInIndex = 0; path = contest04.app; sourceTree = BUILT_PRODUCTS_DIR; };
		8267558F2535BE380030B63E /* AppDelegate.swift */ = {isa = PBXFileReference; lastKnownFileType = sourcecode.swift; path = AppDelegate.swift; sourceTree = "<group>"; };
		826755912535BE380030B63E /* SceneDelegate.swift */ = {isa = PBXFileReference; lastKnownFileType = sourcecode.swift; path = SceneDelegate.swift; sourceTree = "<group>"; };
		826755932535BE380030B63E /* ViewController.swift */ = {isa = PBXFileReference; lastKnownFileType = sourcecode.swift; path = ViewController.swift; sourceTree = "<group>"; };
		826755962535BE380030B63E /* Base */ = {isa = PBXFileReference; lastKnownFileType = file.storyboard; name = Base; path = Base.lproj/Main.storyboard; sourceTree = "<group>"; };
		826755982535BE3D0030B63E /* Assets.xcassets */ = {isa = PBXFileReference; lastKnownFileType = folder.assetcatalog; path = Assets.xcassets; sourceTree = "<group>"; };
		8267559B2535BE3D0030B63E /* Base */ = {isa = PBXFileReference; lastKnownFileType = file.storyboard; name = Base; path = Base.lproj/LaunchScreen.storyboard; sourceTree = "<group>"; };
		8267559D2535BE3D0030B63E /* Info.plist */ = {isa = PBXFileReference; lastKnownFileType = text.plist.xml; path = Info.plist; sourceTree = "<group>"; };
		826755A22535BE3E0030B63E /* contest04Tests.xctest */ = {isa = PBXFileReference; explicitFileType = wrapper.cfbundle; includeInIndex = 0; path = contest04Tests.xctest; sourceTree = BUILT_PRODUCTS_DIR; };
		826755A82535BE3E0030B63E /* Info.plist */ = {isa = PBXFileReference; lastKnownFileType = text.plist.xml; path = Info.plist; sourceTree = "<group>"; };
		826755AD2535BE3E0030B63E /* contest04UITests.xctest */ = {isa = PBXFileReference; explicitFileType = wrapper.cfbundle; includeInIndex = 0; path = contest04UITests.xctest; sourceTree = BUILT_PRODUCTS_DIR; };
		826755B12535BE3E0030B63E /* contest04UITests.swift */ = {isa = PBXFileReference; lastKnownFileType = sourcecode.swift; path = contest04UITests.swift; sourceTree = "<group>"; };
		826755B32535BE3E0030B63E /* Info.plist */ = {isa = PBXFileReference; lastKnownFileType = text.plist.xml; path = Info.plist; sourceTree = "<group>"; };
		826755C22535BFF50030B63E /* TankView.swift */ = {isa = PBXFileReference; lastKnownFileType = sourcecode.swift; path = TankView.swift; sourceTree = "<group>"; };
/* End PBXFileReference section */

/* Begin PBXFrameworksBuildPhase section */
		826755892535BE370030B63E /* Frameworks */ = {
			isa = PBXFrameworksBuildPhase;
			buildActionMask = 2147483647;
			files = (
			);
			runOnlyForDeploymentPostprocessing = 0;
		};
		8267559F2535BE3E0030B63E /* Frameworks */ = {
			isa = PBXFrameworksBuildPhase;
			buildActionMask = 2147483647;
			files = (
			);
			runOnlyForDeploymentPostprocessing = 0;
		};
		826755AA2535BE3E0030B63E /* Frameworks */ = {
			isa = PBXFrameworksBuildPhase;
			buildActionMask = 2147483647;
			files = (
			);
			runOnlyForDeploymentPostprocessing = 0;
		};
/* End PBXFrameworksBuildPhase section */

/* Begin PBXGroup section */
		826755832535BE370030B63E = {
			isa = PBXGroup;
			children = (
				8267558E2535BE380030B63E /* contest04 */,
				826755A52535BE3E0030B63E /* contest04Tests */,
				826755B02535BE3E0030B63E /* contest04UITests */,
				8267558D2535BE380030B63E /* Products */,
			);
			sourceTree = "<group>";
		};
		8267558D2535BE380030B63E /* Products */ = {
			isa = PBXGroup;
			children = (
				8267558C2535BE380030B63E /* contest04.app */,
				826755A22535BE3E0030B63E /* contest04Tests.xctest */,
				826755AD2535BE3E0030B63E /* contest04UITests.xctest */,
			);
			name = Products;
			sourceTree = "<group>";
		};
		8267558E2535BE380030B63E /* contest04 */ = {
			isa = PBXGroup;
			children = (
				8267558F2535BE380030B63E /* AppDelegate.swift */,
				826755912535BE380030B63E /* SceneDelegate.swift */,
				826755932535BE380030B63E /* ViewController.swift */,
				826755952535BE380030B63E /* Main.storyboard */,
				826755C22535BFF50030B63E /* TankView.swift */,
				826755982535BE3D0030B63E /* Assets.xcassets */,
				8267559A2535BE3D0030B63E /* LaunchScreen.storyboard */,
				8267559D2535BE3D0030B63E /* Info.plist */,
			);
			path = contest04;
			sourceTree = "<group>";
		};
		826755A52535BE3E0030B63E /* contest04Tests */ = {
			isa = PBXGroup;
			children = (
				8222FE91256E818A00676CC2 /* ComplexNumberTests.swift */,
				826755A82535BE3E0030B63E /* Info.plist */,
			);
			path = contest04Tests;
			sourceTree = "<group>";
		};
		826755B02535BE3E0030B63E /* contest04UITests */ = {
			isa = PBXGroup;
			children = (
				826755B12535BE3E0030B63E /* contest04UITests.swift */,
				826755B32535BE3E0030B63E /* Info.plist */,
			);
			path = contest04UITests;
			sourceTree = "<group>";
		};
/* End PBXGroup section */

/* Begin PBXNativeTarget section */
		8267558B2535BE370030B63E /* contest04 */ = {
			isa = PBXNativeTarget;
			buildConfigurationList = 826755B62535BE3E0030B63E /* Build configuration list for PBXNativeTarget "contest04" */;
			buildPhases = (
				826755882535BE370030B63E /* Sources */,
				826755892535BE370030B63E /* Frameworks */,
				8267558A2535BE370030B63E /* Resources */,
			);
			buildRules = (
			);
			dependencies = (
			);
			name = contest04;
			productName = contest04;
			productReference = 8267558C2535BE380030B63E /* contest04.app */;
			productType = "com.apple.product-type.application";
		};
		826755A12535BE3E0030B63E /* contest04Tests */ = {
			isa = PBXNativeTarget;
			buildConfigurationList = 826755B92535BE3E0030B63E /* Build configuration list for PBXNativeTarget "contest04Tests" */;
			buildPhases = (
				8267559E2535BE3E0030B63E /* Sources */,
				8267559F2535BE3E0030B63E /* Frameworks */,
				826755A02535BE3E0030B63E /* Resources */,
			);
			buildRules = (
			);
			dependencies = (
				826755A42535BE3E0030B63E /* PBXTargetDependency */,
			);
			name = contest04Tests;
			productName = contest04Tests;
			productReference = 826755A22535BE3E0030B63E /* contest04Tests.xctest */;
			productType = "com.apple.product-type.bundle.unit-test";
		};
		826755AC2535BE3E0030B63E /* contest04UITests */ = {
			isa = PBXNativeTarget;
			buildConfigurationList = 826755BC2535BE3E0030B63E /* Build configuration list for PBXNativeTarget "contest04UITests" */;
			buildPhases = (
				826755A92535BE3E0030B63E /* Sources */,
				826755AA2535BE3E0030B63E /* Frameworks */,
				826755AB2535BE3E0030B63E /* Resources */,
			);
			buildRules = (
			);
			dependencies = (
				826755AF2535BE3E0030B63E /* PBXTargetDependency */,
			);
			name = contest04UITests;
			productName = contest04UITests;
			productReference = 826755AD2535BE3E0030B63E /* contest04UITests.xctest */;
			productType = "com.apple.product-type.bundle.ui-testing";
		};
/* End PBXNativeTarget section */

/* Begin PBXProject section */
		826755842535BE370030B63E /* Project object */ = {
			isa = PBXProject;
			attributes = {
				LastSwiftUpdateCheck = 1200;
				LastUpgradeCheck = 1200;
				TargetAttributes = {
					8267558B2535BE370030B63E = {
						CreatedOnToolsVersion = 12.0.1;
					};
					826755A12535BE3E0030B63E = {
						CreatedOnToolsVersion = 12.0.1;
						TestTargetID = 8267558B2535BE370030B63E;
					};
					826755AC2535BE3E0030B63E = {
						CreatedOnToolsVersion = 12.0.1;
						TestTargetID = 8267558B2535BE370030B63E;
					};
				};
			};
			buildConfigurationList = 826755872535BE370030B63E /* Build configuration list for PBXProject "contest04" */;
			compatibilityVersion = "Xcode 9.3";
			developmentRegion = en;
			hasScannedForEncodings = 0;
			knownRegions = (
				en,
				Base,
			);
			mainGroup = 826755832535BE370030B63E;
			productRefGroup = 8267558D2535BE380030B63E /* Products */;
			projectDirPath = "";
			projectRoot = "";
			targets = (
				8267558B2535BE370030B63E /* contest04 */,
				826755A12535BE3E0030B63E /* contest04Tests */,
				826755AC2535BE3E0030B63E /* contest04UITests */,
			);
		};
/* End PBXProject section */

/* Begin PBXResourcesBuildPhase section */
		8267558A2535BE370030B63E /* Resources */ = {
			isa = PBXResourcesBuildPhase;
			buildActionMask = 2147483647;
			files = (
				8267559C2535BE3D0030B63E /* LaunchScreen.storyboard in Resources */,
				826755992535BE3D0030B63E /* Assets.xcassets in Resources */,
				826755972535BE380030B63E /* Main.storyboard in Resources */,
			);
			runOnlyForDeploymentPostprocessing = 0;
		};
		826755A02535BE3E0030B63E /* Resources */ = {
			isa = PBXResourcesBuildPhase;
			buildActionMask = 2147483647;
			files = (
			);
			runOnlyForDeploymentPostprocessing = 0;
		};
		826755AB2535BE3E0030B63E /* Resources */ = {
			isa = PBXResourcesBuildPhase;
			buildActionMask = 2147483647;
			files = (
			);
			runOnlyForDeploymentPostprocessing = 0;
		};
/* End PBXResourcesBuildPhase section */

/* Begin PBXSourcesBuildPhase section */
		826755882535BE370030B63E /* Sources */ = {
			isa = PBXSourcesBuildPhase;
			buildActionMask = 2147483647;
			files = (
				826755942535BE380030B63E /* ViewController.swift in Sources */,
				826755902535BE380030B63E /* AppDelegate.swift in Sources */,
				826755C32535BFF50030B63E /* TankView.swift in Sources */,
				826755922535BE380030B63E /* SceneDelegate.swift in Sources */,
			);
			runOnlyForDeploymentPostprocessing = 0;
		};
		8267559E2535BE3E0030B63E /* Sources */ = {
			isa = PBXSourcesBuildPhase;
			buildActionMask = 2147483647;
			files = (
				8222FE92256E818A00676CC2 /* ComplexNumberTests.swift in Sources */,
			);
			runOnlyForDeploymentPostprocessing = 0;
		};
		826755A92535BE3E0030B63E /* Sources */ = {
			isa = PBXSourcesBuildPhase;
			buildActionMask = 2147483647;
			files = (
				826755B22535BE3E0030B63E /* contest04UITests.swift in Sources */,
			);
			runOnlyForDeploymentPostprocessing = 0;
		};
/* End PBXSourcesBuildPhase section */

/* Begin PBXTargetDependency section */
		826755A42535BE3E0030B63E /* PBXTargetDependency */ = {
			isa = PBXTargetDependency;
			target = 8267558B2535BE370030B63E /* contest04 */;
			targetProxy = 826755A32535BE3E0030B63E /* PBXContainerItemProxy */;
		};
		826755AF2535BE3E0030B63E /* PBXTargetDependency */ = {
			isa = PBXTargetDependency;
			target = 8267558B2535BE370030B63E /* contest04 */;
			targetProxy = 826755AE2535BE3E0030B63E /* PBXContainerItemProxy */;
		};
/* End PBXTargetDependency section */

/* Begin PBXVariantGroup section */
		826755952535BE380030B63E /* Main.storyboard */ = {
			isa = PBXVariantGroup;
			children = (
				826755962535BE380030B63E /* Base */,
			);
			name = Main.storyboard;
			sourceTree = "<group>";
		};
		8267559A2535BE3D0030B63E /* LaunchScreen.storyboard */ = {
			isa = PBXVariantGroup;
			children = (
				8267559B2535BE3D0030B63E /* Base */,
			);
			name = LaunchScreen.storyboard;
			sourceTree = "<group>";
		};
/* End PBXVariantGroup section */

/* Begin XCBuildConfiguration section */
		826755B42535BE3E0030B63E /* Debug */ = {
			isa = XCBuildConfiguration;
			buildSettings = {
				ALWAYS_SEARCH_USER_PATHS = NO;
				CLANG_ANALYZER_NONNULL = YES;
				CLANG_ANALYZER_NUMBER_OBJECT_CONVERSION = YES_AGGRESSIVE;
				CLANG_CXX_LANGUAGE_STANDARD = "gnu++14";
				CLANG_CXX_LIBRARY = "libc++";
				CLANG_ENABLE_MODULES = YES;
				CLANG_ENABLE_OBJC_ARC = YES;
				CLANG_ENABLE_OBJC_WEAK = YES;
				CLANG_WARN_BLOCK_CAPTURE_AUTORELEASING = YES;
				CLANG_WARN_BOOL_CONVERSION = YES;
				CLANG_WARN_COMMA = YES;
				CLANG_WARN_CONSTANT_CONVERSION = YES;
				CLANG_WARN_DEPRECATED_OBJC_IMPLEMENTATIONS = YES;
				CLANG_WARN_DIRECT_OBJC_ISA_USAGE = YES_ERROR;
				CLANG_WARN_DOCUMENTATION_COMMENTS = YES;
				CLANG_WARN_EMPTY_BODY = YES;
				CLANG_WARN_ENUM_CONVERSION = YES;
				CLANG_WARN_INFINITE_RECURSION = YES;
				CLANG_WARN_INT_CONVERSION = YES;
				CLANG_WARN_NON_LITERAL_NULL_CONVERSION = YES;
				CLANG_WARN_OBJC_IMPLICIT_RETAIN_SELF = YES;
				CLANG_WARN_OBJC_LITERAL_CONVERSION = YES;
				CLANG_WARN_OBJC_ROOT_CLASS = YES_ERROR;
				CLANG_WARN_QUOTED_INCLUDE_IN_FRAMEWORK_HEADER = YES;
				CLANG_WARN_RANGE_LOOP_ANALYSIS = YES;
				CLANG_WARN_STRICT_PROTOTYPES = YES;
				CLANG_WARN_SUSPICIOUS_MOVE = YES;
				CLANG_WARN_UNGUARDED_AVAILABILITY = YES_AGGRESSIVE;
				CLANG_WARN_UNREACHABLE_CODE = YES;
				CLANG_WARN__DUPLICATE_METHOD_MATCH = YES;
				COPY_PHASE_STRIP = NO;
				DEBUG_INFORMATION_FORMAT = dwarf;
				ENABLE_STRICT_OBJC_MSGSEND = YES;
				ENABLE_TESTABILITY = YES;
				GCC_C_LANGUAGE_STANDARD = gnu11;
				GCC_DYNAMIC_NO_PIC = NO;
				GCC_NO_COMMON_BLOCKS = YES;
				GCC_OPTIMIZATION_LEVEL = 0;
				GCC_PREPROCESSOR_DEFINITIONS = (
					"DEBUG=1",
					"$(inherited)",
				);
				GCC_WARN_64_TO_32_BIT_CONVERSION = YES;
				GCC_WARN_ABOUT_RETURN_TYPE = YES_ERROR;
				GCC_WARN_UNDECLARED_SELECTOR = YES;
				GCC_WARN_UNINITIALIZED_AUTOS = YES_AGGRESSIVE;
				GCC_WARN_UNUSED_FUNCTION = YES;
				GCC_WARN_UNUSED_VARIABLE = YES;
				IPHONEOS_DEPLOYMENT_TARGET = 14.2;
				MTL_ENABLE_DEBUG_INFO = INCLUDE_SOURCE;
				MTL_FAST_MATH = YES;
				ONLY_ACTIVE_ARCH = YES;
				SDKROOT = iphoneos;
				SWIFT_ACTIVE_COMPILATION_CONDITIONS = DEBUG;
				SWIFT_OPTIMIZATION_LEVEL = "-Onone";
			};
			name = Debug;
		};
		826755B52535BE3E0030B63E /* Release */ = {
			isa = XCBuildConfiguration;
			buildSettings = {
				ALWAYS_SEARCH_USER_PATHS = NO;
				CLANG_ANALYZER_NONNULL = YES;
				CLANG_ANALYZER_NUMBER_OBJECT_CONVERSION = YES_AGGRESSIVE;
				CLANG_CXX_LANGUAGE_STANDARD = "gnu++14";
				CLANG_CXX_LIBRARY = "libc++";
				CLANG_ENABLE_MODULES = YES;
				CLANG_ENABLE_OBJC_ARC = YES;
				CLANG_ENABLE_OBJC_WEAK = YES;
				CLANG_WARN_BLOCK_CAPTURE_AUTORELEASING = YES;
				CLANG_WARN_BOOL_CONVERSION = YES;
				CLANG_WARN_COMMA = YES;
				CLANG_WARN_CONSTANT_CONVERSION = YES;
				CLANG_WARN_DEPRECATED_OBJC_IMPLEMENTATIONS = YES;
				CLANG_WARN_DIRECT_OBJC_ISA_USAGE = YES_ERROR;
				CLANG_WARN_DOCUMENTATION_COMMENTS = YES;
				CLANG_WARN_EMPTY_BODY = YES;
				CLANG_WARN_ENUM_CONVERSION = YES;
				CLANG_WARN_INFINITE_RECURSION = YES;
				CLANG_WARN_INT_CONVERSION = YES;
				CLANG_WARN_NON_LITERAL_NULL_CONVERSION = YES;
				CLANG_WARN_OBJC_IMPLICIT_RETAIN_SELF = YES;
				CLANG_WARN_OBJC_LITERAL_CONVERSION = YES;
				CLANG_WARN_OBJC_ROOT_CLASS = YES_ERROR;
				CLANG_WARN_QUOTED_INCLUDE_IN_FRAMEWORK_HEADER = YES;
				CLANG_WARN_RANGE_LOOP_ANALYSIS = YES;
				CLANG_WARN_STRICT_PROTOTYPES = YES;
				CLANG_WARN_SUSPICIOUS_MOVE = YES;
				CLANG_WARN_UNGUARDED_AVAILABILITY = YES_AGGRESSIVE;
				CLANG_WARN_UNREACHABLE_CODE = YES;
				CLANG_WARN__DUPLICATE_METHOD_MATCH = YES;
				COPY_PHASE_STRIP = NO;
				DEBUG_INFORMATION_FORMAT = "dwarf-with-dsym";
				ENABLE_NS_ASSERTIONS = NO;
				ENABLE_STRICT_OBJC_MSGSEND = YES;
				GCC_C_LANGUAGE_STANDARD = gnu11;
				GCC_NO_COMMON_BLOCKS = YES;
				GCC_WARN_64_TO_32_BIT_CONVERSION = YES;
				GCC_WARN_ABOUT_RETURN_TYPE = YES_ERROR;
				GCC_WARN_UNDECLARED_SELECTOR = YES;
				GCC_WARN_UNINITIALIZED_AUTOS = YES_AGGRESSIVE;
				GCC_WARN_UNUSED_FUNCTION = YES;
				GCC_WARN_UNUSED_VARIABLE = YES;
				IPHONEOS_DEPLOYMENT_TARGET = 14.2;
				MTL_ENABLE_DEBUG_INFO = NO;
				MTL_FAST_MATH = YES;
				SDKROOT = iphoneos;
				SWIFT_COMPILATION_MODE = wholemodule;
				SWIFT_OPTIMIZATION_LEVEL = "-O";
				VALIDATE_PRODUCT = YES;
			};
			name = Release;
		};
		826755B72535BE3E0030B63E /* Debug */ = {
			isa = XCBuildConfiguration;
			buildSettings = {
				ASSETCATALOG_COMPILER_APPICON_NAME = AppIcon;
				ASSETCATALOG_COMPILER_GLOBAL_ACCENT_COLOR_NAME = AccentColor;
				CODE_SIGN_STYLE = Automatic;
				INFOPLIST_FILE = contest04/Info.plist;
				LD_RUNPATH_SEARCH_PATHS = (
					"$(inherited)",
					"@executable_path/Frameworks",
				);
				PRODUCT_BUNDLE_IDENTIFIER = com.goldthumb.contest04;
				PRODUCT_NAME = "$(TARGET_NAME)";
				SWIFT_VERSION = 5.0;
				TARGETED_DEVICE_FAMILY = "1,2";
			};
			name = Debug;
		};
		826755B82535BE3E0030B63E /* Release */ = {
			isa = XCBuildConfiguration;
			buildSettings = {
				ASSETCATALOG_COMPILER_APPICON_NAME = AppIcon;
				ASSETCATALOG_COMPILER_GLOBAL_ACCENT_COLOR_NAME = AccentColor;
				CODE_SIGN_STYLE = Automatic;
				INFOPLIST_FILE = contest04/Info.plist;
				LD_RUNPATH_SEARCH_PATHS = (
					"$(inherited)",
					"@executable_path/Frameworks",
				);
				PRODUCT_BUNDLE_IDENTIFIER = com.goldthumb.contest04;
				PRODUCT_NAME = "$(TARGET_NAME)";
				SWIFT_VERSION = 5.0;
				TARGETED_DEVICE_FAMILY = "1,2";
			};
			name = Release;
		};
		826755BA2535BE3E0030B63E /* Debug */ = {
			isa = XCBuildConfiguration;
			buildSettings = {
				ALWAYS_EMBED_SWIFT_STANDARD_LIBRARIES = YES;
				BUNDLE_LOADER = "$(TEST_HOST)";
				CODE_SIGN_STYLE = Automatic;
				INFOPLIST_FILE = contest04Tests/Info.plist;
				IPHONEOS_DEPLOYMENT_TARGET = 14.0;
				LD_RUNPATH_SEARCH_PATHS = (
					"$(inherited)",
					"@executable_path/Frameworks",
					"@loader_path/Frameworks",
				);
				PRODUCT_BUNDLE_IDENTIFIER = com.goldthumb.contest04Tests;
				PRODUCT_NAME = "$(TARGET_NAME)";
				SWIFT_VERSION = 5.0;
				TARGETED_DEVICE_FAMILY = "1,2";
				TEST_HOST = "$(BUILT_PRODUCTS_DIR)/contest04.app/contest04";
			};
			name = Debug;
		};
		826755BB2535BE3E0030B63E /* Release */ = {
			isa = XCBuildConfiguration;
			buildSettings = {
				ALWAYS_EMBED_SWIFT_STANDARD_LIBRARIES = YES;
				BUNDLE_LOADER = "$(TEST_HOST)";
				CODE_SIGN_STYLE = Automatic;
				INFOPLIST_FILE = contest04Tests/Info.plist;
				IPHONEOS_DEPLOYMENT_TARGET = 14.0;
				LD_RUNPATH_SEARCH_PATHS = (
					"$(inherited)",
					"@executable_path/Frameworks",
					"@loader_path/Frameworks",
				);
				PRODUCT_BUNDLE_IDENTIFIER = com.goldthumb.contest04Tests;
				PRODUCT_NAME = "$(TARGET_NAME)";
				SWIFT_VERSION = 5.0;
				TARGETED_DEVICE_FAMILY = "1,2";
				TEST_HOST = "$(BUILT_PRODUCTS_DIR)/contest04.app/contest04";
			};
			name = Release;
		};
		826755BD2535BE3E0030B63E /* Debug */ = {
			isa = XCBuildConfiguration;
			buildSettings = {
				ALWAYS_EMBED_SWIFT_STANDARD_LIBRARIES = YES;
				CODE_SIGN_STYLE = Automatic;
				INFOPLIST_FILE = contest04UITests/Info.plist;
				LD_RUNPATH_SEARCH_PATHS = (
					"$(inherited)",
					"@executable_path/Frameworks",
					"@loader_path/Frameworks",
				);
				PRODUCT_BUNDLE_IDENTIFIER = com.goldthumb.contest04UITests;
				PRODUCT_NAME = "$(TARGET_NAME)";
				SWIFT_VERSION = 5.0;
				TARGETED_DEVICE_FAMILY = "1,2";
				TEST_TARGET_NAME = contest04;
			};
			name = Debug;
		};
		826755BE2535BE3E0030B63E /* Release */ = {
			isa = XCBuildConfiguration;
			buildSettings = {
				ALWAYS_EMBED_SWIFT_STANDARD_LIBRARIES = YES;
				CODE_SIGN_STYLE = Automatic;
				INFOPLIST_FILE = contest04UITests/Info.plist;
				LD_RUNPATH_SEARCH_PATHS = (
					"$(inherited)",
					"@executable_path/Frameworks",
					"@loader_path/Frameworks",
				);
				PRODUCT_BUNDLE_IDENTIFIER = com.goldthumb.contest04UITests;
				PRODUCT_NAME = "$(TARGET_NAME)";
				SWIFT_VERSION = 5.0;
				TARGETED_DEVICE_FAMILY = "1,2";
				TEST_TARGET_NAME = contest04;
			};
			name = Release;
		};
/* End XCBuildConfiguration section */

/* Begin XCConfigurationList section */
		826755872535BE370030B63E /* Build configuration list for PBXProject "contest04" */ = {
			isa = XCConfigurationList;
			buildConfigurations = (
				826755B42535BE3E0030B63E /* Debug */,
				826755B52535BE3E0030B63E /* Release */,
			);
			defaultConfigurationIsVisible = 0;
			defaultConfigurationName = Release;
		};
		826755B62535BE3E0030B63E /* Build configuration list for PBXNativeTarget "contest04" */ = {
			isa = XCConfigurationList;
			buildConfigurations = (
				826755B72535BE3E0030B63E /* Debug */,
				826755B82535BE3E0030B63E /* Release */,
			);
			defaultConfigurationIsVisible = 0;
			defaultConfigurationName = Release;
		};
		826755B92535BE3E0030B63E /* Build configuration list for PBXNativeTarget "contest04Tests" */ = {
			isa = XCConfigurationList;
			buildConfigurations = (
				826755BA2535BE3E0030B63E /* Debug */,
				826755BB2535BE3E0030B63E /* Release */,
			);
			defaultConfigurationIsVisible = 0;
			defaultConfigurationName = Release;
		};
		826755BC2535BE3E0030B63E /* Build configuration list for PBXNativeTarget "contest04UITests" */ = {
			isa = XCConfigurationList;
			buildConfigurations = (
				826755BD2535BE3E0030B63E /* Debug */,
				826755BE2535BE3E0030B63E /* Release */,
			);
			defaultConfigurationIsVisible = 0;
			defaultConfigurationName = Release;
		};
/* End XCConfigurationList section */
	};
	rootObject = 826755842535BE370030B63E /* Project object */;
}
