// !$*UTF8*$!
{
	archiveVersion = 1;
	classes = {
	};
	objectVersion = 50;
	objects = {

/* Begin PBXBuildFile section */
		78CEF0BB25636A5F000D4B6A /* AppDelegate.swift in Sources */ = {isa = PBXBuildFile; fileRef = 78CEF0BA25636A5F000D4B6A /* AppDelegate.swift */; };
		78CEF0BD25636A5F000D4B6A /* SceneDelegate.swift in Sources */ = {isa = PBXBuildFile; fileRef = 78CEF0BC25636A5F000D4B6A /* SceneDelegate.swift */; };
		78CEF0BF25636A5F000D4B6A /* ViewController.swift in Sources */ = {isa = PBXBuildFile; fileRef = 78CEF0BE25636A5F000D4B6A /* ViewController.swift */; };
		78CEF0C225636A5F000D4B6A /* Main.storyboard in Resources */ = {isa = PBXBuildFile; fileRef = 78CEF0C025636A5F000D4B6A /* Main.storyboard */; };
		78CEF0C425636A62000D4B6A /* Assets.xcassets in Resources */ = {isa = PBXBuildFile; fileRef = 78CEF0C325636A62000D4B6A /* Assets.xcassets */; };
		78CEF0C725636A62000D4B6A /* LaunchScreen.storyboard in Resources */ = {isa = PBXBuildFile; fileRef = 78CEF0C525636A62000D4B6A /* LaunchScreen.storyboard */; };
		78CEF0D225636A62000D4B6A /* TankTests.swift in Sources */ = {isa = PBXBuildFile; fileRef = 78CEF0D125636A62000D4B6A /* TankTests.swift */; };
		78CEF0DF25636E81000D4B6A /* TankView.swift in Sources */ = {isa = PBXBuildFile; fileRef = 78CEF0DE25636E81000D4B6A /* TankView.swift */; };
/* End PBXBuildFile section */

/* Begin PBXContainerItemProxy section */
		78CEF0CE25636A62000D4B6A /* PBXContainerItemProxy */ = {
			isa = PBXContainerItemProxy;
			containerPortal = 78CEF0AF25636A5F000D4B6A /* Project object */;
			proxyType = 1;
			remoteGlobalIDString = 78CEF0B625636A5F000D4B6A;
			remoteInfo = Tank;
		};
/* End PBXContainerItemProxy section */

/* Begin PBXFileReference section */
		78CEF0B725636A5F000D4B6A /* Tank.app */ = {isa = PBXFileReference; explicitFileType = wrapper.application; includeInIndex = 0; path = Tank.app; sourceTree = BUILT_PRODUCTS_DIR; };
		78CEF0BA25636A5F000D4B6A /* AppDelegate.swift */ = {isa = PBXFileReference; lastKnownFileType = sourcecode.swift; path = AppDelegate.swift; sourceTree = "<group>"; };
		78CEF0BC25636A5F000D4B6A /* SceneDelegate.swift */ = {isa = PBXFileReference; lastKnownFileType = sourcecode.swift; path = SceneDelegate.swift; sourceTree = "<group>"; };
		78CEF0BE25636A5F000D4B6A /* ViewController.swift */ = {isa = PBXFileReference; lastKnownFileType = sourcecode.swift; path = ViewController.swift; sourceTree = "<group>"; };
		78CEF0C125636A5F000D4B6A /* Base */ = {isa = PBXFileReference; lastKnownFileType = file.storyboard; name = Base; path = Base.lproj/Main.storyboard; sourceTree = "<group>"; };
		78CEF0C325636A62000D4B6A /* Assets.xcassets */ = {isa = PBXFileReference; lastKnownFileType = folder.assetcatalog; path = Assets.xcassets; sourceTree = "<group>"; };
		78CEF0C625636A62000D4B6A /* Base */ = {isa = PBXFileReference; lastKnownFileType = file.storyboard; name = Base; path = Base.lproj/LaunchScreen.storyboard; sourceTree = "<group>"; };
		78CEF0C825636A62000D4B6A /* Info.plist */ = {isa = PBXFileReference; lastKnownFileType = text.plist.xml; path = Info.plist; sourceTree = "<group>"; };
		78CEF0CD25636A62000D4B6A /* TankTests.xctest */ = {isa = PBXFileReference; explicitFileType = wrapper.cfbundle; includeInIndex = 0; path = TankTests.xctest; sourceTree = BUILT_PRODUCTS_DIR; };
		78CEF0D125636A62000D4B6A /* TankTests.swift */ = {isa = PBXFileReference; lastKnownFileType = sourcecode.swift; path = TankTests.swift; sourceTree = "<group>"; };
		78CEF0D325636A62000D4B6A /* Info.plist */ = {isa = PBXFileReference; lastKnownFileType = text.plist.xml; path = Info.plist; sourceTree = "<group>"; };
		78CEF0DE25636E81000D4B6A /* TankView.swift */ = {isa = PBXFileReference; lastKnownFileType = sourcecode.swift; path = TankView.swift; sourceTree = "<group>"; };
/* End PBXFileReference section */

/* Begin PBXFrameworksBuildPhase section */
		78CEF0B425636A5F000D4B6A /* Frameworks */ = {
			isa = PBXFrameworksBuildPhase;
			buildActionMask = 2147483647;
			files = (
			);
			runOnlyForDeploymentPostprocessing = 0;
		};
		78CEF0CA25636A62000D4B6A /* Frameworks */ = {
			isa = PBXFrameworksBuildPhase;
			buildActionMask = 2147483647;
			files = (
			);
			runOnlyForDeploymentPostprocessing = 0;
		};
/* End PBXFrameworksBuildPhase section */

/* Begin PBXGroup section */
		78CEF0AE25636A5F000D4B6A = {
			isa = PBXGroup;
			children = (
				78CEF0B925636A5F000D4B6A /* Tank */,
				78CEF0D025636A62000D4B6A /* TankTests */,
				78CEF0B825636A5F000D4B6A /* Products */,
			);
			sourceTree = "<group>";
		};
		78CEF0B825636A5F000D4B6A /* Products */ = {
			isa = PBXGroup;
			children = (
				78CEF0B725636A5F000D4B6A /* Tank.app */,
				78CEF0CD25636A62000D4B6A /* TankTests.xctest */,
			);
			name = Products;
			sourceTree = "<group>";
		};
		78CEF0B925636A5F000D4B6A /* Tank */ = {
			isa = PBXGroup;
			children = (
				78CEF0BA25636A5F000D4B6A /* AppDelegate.swift */,
				78CEF0BC25636A5F000D4B6A /* SceneDelegate.swift */,
				78CEF0BE25636A5F000D4B6A /* ViewController.swift */,
				78CEF0C025636A5F000D4B6A /* Main.storyboard */,
				78CEF0C325636A62000D4B6A /* Assets.xcassets */,
				78CEF0C525636A62000D4B6A /* LaunchScreen.storyboard */,
				78CEF0C825636A62000D4B6A /* Info.plist */,
				78CEF0DE25636E81000D4B6A /* TankView.swift */,
			);
			path = Tank;
			sourceTree = "<group>";
		};
		78CEF0D025636A62000D4B6A /* TankTests */ = {
			isa = PBXGroup;
			children = (
				78CEF0D125636A62000D4B6A /* TankTests.swift */,
				78CEF0D325636A62000D4B6A /* Info.plist */,
			);
			path = TankTests;
			sourceTree = "<group>";
		};
/* End PBXGroup section */

/* Begin PBXNativeTarget section */
		78CEF0B625636A5F000D4B6A /* Tank */ = {
			isa = PBXNativeTarget;
			buildConfigurationList = 78CEF0D625636A62000D4B6A /* Build configuration list for PBXNativeTarget "Tank" */;
			buildPhases = (
				78CEF0B325636A5F000D4B6A /* Sources */,
				78CEF0B425636A5F000D4B6A /* Frameworks */,
				78CEF0B525636A5F000D4B6A /* Resources */,
			);
			buildRules = (
			);
			dependencies = (
			);
			name = Tank;
			productName = Tank;
			productReference = 78CEF0B725636A5F000D4B6A /* Tank.app */;
			productType = "com.apple.product-type.application";
		};
		78CEF0CC25636A62000D4B6A /* TankTests */ = {
			isa = PBXNativeTarget;
			buildConfigurationList = 78CEF0D925636A62000D4B6A /* Build configuration list for PBXNativeTarget "TankTests" */;
			buildPhases = (
				78CEF0C925636A62000D4B6A /* Sources */,
				78CEF0CA25636A62000D4B6A /* Frameworks */,
				78CEF0CB25636A62000D4B6A /* Resources */,
			);
			buildRules = (
			);
			dependencies = (
				78CEF0CF25636A62000D4B6A /* PBXTargetDependency */,
			);
			name = TankTests;
			productName = TankTests;
			productReference = 78CEF0CD25636A62000D4B6A /* TankTests.xctest */;
			productType = "com.apple.product-type.bundle.unit-test";
		};
/* End PBXNativeTarget section */

/* Begin PBXProject section */
		78CEF0AF25636A5F000D4B6A /* Project object */ = {
			isa = PBXProject;
			attributes = {
				LastSwiftUpdateCheck = 1160;
				LastUpgradeCheck = 1160;
				ORGANIZATIONNAME = "Corey Gao";
				TargetAttributes = {
					78CEF0B625636A5F000D4B6A = {
						CreatedOnToolsVersion = 11.6;
					};
					78CEF0CC25636A62000D4B6A = {
						CreatedOnToolsVersion = 11.6;
						TestTargetID = 78CEF0B625636A5F000D4B6A;
					};
				};
			};
			buildConfigurationList = 78CEF0B225636A5F000D4B6A /* Build configuration list for PBXProject "Tank" */;
			compatibilityVersion = "Xcode 9.3";
			developmentRegion = en;
			hasScannedForEncodings = 0;
			knownRegions = (
				en,
				Base,
			);
			mainGroup = 78CEF0AE25636A5F000D4B6A;
			productRefGroup = 78CEF0B825636A5F000D4B6A /* Products */;
			projectDirPath = "";
			projectRoot = "";
			targets = (
				78CEF0B625636A5F000D4B6A /* Tank */,
				78CEF0CC25636A62000D4B6A /* TankTests */,
			);
		};
/* End PBXProject section */

/* Begin PBXResourcesBuildPhase section */
		78CEF0B525636A5F000D4B6A /* Resources */ = {
			isa = PBXResourcesBuildPhase;
			buildActionMask = 2147483647;
			files = (
				78CEF0C725636A62000D4B6A /* LaunchScreen.storyboard in Resources */,
				78CEF0C425636A62000D4B6A /* Assets.xcassets in Resources */,
				78CEF0C225636A5F000D4B6A /* Main.storyboard in Resources */,
			);
			runOnlyForDeploymentPostprocessing = 0;
		};
		78CEF0CB25636A62000D4B6A /* Resources */ = {
			isa = PBXResourcesBuildPhase;
			buildActionMask = 2147483647;
			files = (
			);
			runOnlyForDeploymentPostprocessing = 0;
		};
/* End PBXResourcesBuildPhase section */

/* Begin PBXSourcesBuildPhase section */
		78CEF0B325636A5F000D4B6A /* Sources */ = {
			isa = PBXSourcesBuildPhase;
			buildActionMask = 2147483647;
			files = (
				78CEF0BF25636A5F000D4B6A /* ViewController.swift in Sources */,
				78CEF0BB25636A5F000D4B6A /* AppDelegate.swift in Sources */,
				78CEF0DF25636E81000D4B6A /* TankView.swift in Sources */,
				78CEF0BD25636A5F000D4B6A /* SceneDelegate.swift in Sources */,
			);
			runOnlyForDeploymentPostprocessing = 0;
		};
		78CEF0C925636A62000D4B6A /* Sources */ = {
			isa = PBXSourcesBuildPhase;
			buildActionMask = 2147483647;
			files = (
				78CEF0D225636A62000D4B6A /* TankTests.swift in Sources */,
			);
			runOnlyForDeploymentPostprocessing = 0;
		};
/* End PBXSourcesBuildPhase section */

/* Begin PBXTargetDependency section */
		78CEF0CF25636A62000D4B6A /* PBXTargetDependency */ = {
			isa = PBXTargetDependency;
			target = 78CEF0B625636A5F000D4B6A /* Tank */;
			targetProxy = 78CEF0CE25636A62000D4B6A /* PBXContainerItemProxy */;
		};
/* End PBXTargetDependency section */

/* Begin PBXVariantGroup section */
		78CEF0C025636A5F000D4B6A /* Main.storyboard */ = {
			isa = PBXVariantGroup;
			children = (
				78CEF0C125636A5F000D4B6A /* Base */,
			);
			name = Main.storyboard;
			sourceTree = "<group>";
		};
		78CEF0C525636A62000D4B6A /* LaunchScreen.storyboard */ = {
			isa = PBXVariantGroup;
			children = (
				78CEF0C625636A62000D4B6A /* Base */,
			);
			name = LaunchScreen.storyboard;
			sourceTree = "<group>";
		};
/* End PBXVariantGroup section */

/* Begin XCBuildConfiguration section */
		78CEF0D425636A62000D4B6A /* Debug */ = {
			isa = XCBuildConfiguration;
			buildSettings = {
				ALWAYS_SEARCH_USER_PATHS = NO;
				CLANG_ANALYZER_NONNULL = YES;
				CLANG_ANALYZER_NUMBER_OBJECT_CONVERSION = YES_AGGRESSIVE;
				CLANG_CXX_LANGUAGE_STANDARD = "gnu++14";
				CLANG_CXX_LIBRARY = "libc++";
				CLANG_ENABLE_MODULES = YES;
				CLANG_ENABLE_OBJC_ARC = YES;
				CLANG_ENABLE_OBJC_WEAK = YES;
				CLANG_WARN_BLOCK_CAPTURE_AUTORELEASING = YES;
				CLANG_WARN_BOOL_CONVERSION = YES;
				CLANG_WARN_COMMA = YES;
				CLANG_WARN_CONSTANT_CONVERSION = YES;
				CLANG_WARN_DEPRECATED_OBJC_IMPLEMENTATIONS = YES;
				CLANG_WARN_DIRECT_OBJC_ISA_USAGE = YES_ERROR;
				CLANG_WARN_DOCUMENTATION_COMMENTS = YES;
				CLANG_WARN_EMPTY_BODY = YES;
				CLANG_WARN_ENUM_CONVERSION = YES;
				CLANG_WARN_INFINITE_RECURSION = YES;
				CLANG_WARN_INT_CONVERSION = YES;
				CLANG_WARN_NON_LITERAL_NULL_CONVERSION = YES;
				CLANG_WARN_OBJC_IMPLICIT_RETAIN_SELF = YES;
				CLANG_WARN_OBJC_LITERAL_CONVERSION = YES;
				CLANG_WARN_OBJC_ROOT_CLASS = YES_ERROR;
				CLANG_WARN_RANGE_LOOP_ANALYSIS = YES;
				CLANG_WARN_STRICT_PROTOTYPES = YES;
				CLANG_WARN_SUSPICIOUS_MOVE = YES;
				CLANG_WARN_UNGUARDED_AVAILABILITY = YES_AGGRESSIVE;
				CLANG_WARN_UNREACHABLE_CODE = YES;
				CLANG_WARN__DUPLICATE_METHOD_MATCH = YES;
				COPY_PHASE_STRIP = NO;
				DEBUG_INFORMATION_FORMAT = dwarf;
				ENABLE_STRICT_OBJC_MSGSEND = YES;
				ENABLE_TESTABILITY = YES;
				GCC_C_LANGUAGE_STANDARD = gnu11;
				GCC_DYNAMIC_NO_PIC = NO;
				GCC_NO_COMMON_BLOCKS = YES;
				GCC_OPTIMIZATION_LEVEL = 0;
				GCC_PREPROCESSOR_DEFINITIONS = (
					"DEBUG=1",
					"$(inherited)",
				);
				GCC_WARN_64_TO_32_BIT_CONVERSION = YES;
				GCC_WARN_ABOUT_RETURN_TYPE = YES_ERROR;
				GCC_WARN_UNDECLARED_SELECTOR = YES;
				GCC_WARN_UNINITIALIZED_AUTOS = YES_AGGRESSIVE;
				GCC_WARN_UNUSED_FUNCTION = YES;
				GCC_WARN_UNUSED_VARIABLE = YES;
				IPHONEOS_DEPLOYMENT_TARGET = 13.6;
				MTL_ENABLE_DEBUG_INFO = INCLUDE_SOURCE;
				MTL_FAST_MATH = YES;
				ONLY_ACTIVE_ARCH = YES;
				SDKROOT = iphoneos;
				SWIFT_ACTIVE_COMPILATION_CONDITIONS = DEBUG;
				SWIFT_OPTIMIZATION_LEVEL = "-Onone";
			};
			name = Debug;
		};
		78CEF0D525636A62000D4B6A /* Release */ = {
			isa = XCBuildConfiguration;
			buildSettings = {
				ALWAYS_SEARCH_USER_PATHS = NO;
				CLANG_ANALYZER_NONNULL = YES;
				CLANG_ANALYZER_NUMBER_OBJECT_CONVERSION = YES_AGGRESSIVE;
				CLANG_CXX_LANGUAGE_STANDARD = "gnu++14";
				CLANG_CXX_LIBRARY = "libc++";
				CLANG_ENABLE_MODULES = YES;
				CLANG_ENABLE_OBJC_ARC = YES;
				CLANG_ENABLE_OBJC_WEAK = YES;
				CLANG_WARN_BLOCK_CAPTURE_AUTORELEASING = YES;
				CLANG_WARN_BOOL_CONVERSION = YES;
				CLANG_WARN_COMMA = YES;
				CLANG_WARN_CONSTANT_CONVERSION = YES;
				CLANG_WARN_DEPRECATED_OBJC_IMPLEMENTATIONS = YES;
				CLANG_WARN_DIRECT_OBJC_ISA_USAGE = YES_ERROR;
				CLANG_WARN_DOCUMENTATION_COMMENTS = YES;
				CLANG_WARN_EMPTY_BODY = YES;
				CLANG_WARN_ENUM_CONVERSION = YES;
				CLANG_WARN_INFINITE_RECURSION = YES;
				CLANG_WARN_INT_CONVERSION = YES;
				CLANG_WARN_NON_LITERAL_NULL_CONVERSION = YES;
				CLANG_WARN_OBJC_IMPLICIT_RETAIN_SELF = YES;
				CLANG_WARN_OBJC_LITERAL_CONVERSION = YES;
				CLANG_WARN_OBJC_ROOT_CLASS = YES_ERROR;
				CLANG_WARN_RANGE_LOOP_ANALYSIS = YES;
				CLANG_WARN_STRICT_PROTOTYPES = YES;
				CLANG_WARN_SUSPICIOUS_MOVE = YES;
				CLANG_WARN_UNGUARDED_AVAILABILITY = YES_AGGRESSIVE;
				CLANG_WARN_UNREACHABLE_CODE = YES;
				CLANG_WARN__DUPLICATE_METHOD_MATCH = YES;
				COPY_PHASE_STRIP = NO;
				DEBUG_INFORMATION_FORMAT = "dwarf-with-dsym";
				ENABLE_NS_ASSERTIONS = NO;
				ENABLE_STRICT_OBJC_MSGSEND = YES;
				GCC_C_LANGUAGE_STANDARD = gnu11;
				GCC_NO_COMMON_BLOCKS = YES;
				GCC_WARN_64_TO_32_BIT_CONVERSION = YES;
				GCC_WARN_ABOUT_RETURN_TYPE = YES_ERROR;
				GCC_WARN_UNDECLARED_SELECTOR = YES;
				GCC_WARN_UNINITIALIZED_AUTOS = YES_AGGRESSIVE;
				GCC_WARN_UNUSED_FUNCTION = YES;
				GCC_WARN_UNUSED_VARIABLE = YES;
				IPHONEOS_DEPLOYMENT_TARGET = 13.6;
				MTL_ENABLE_DEBUG_INFO = NO;
				MTL_FAST_MATH = YES;
				SDKROOT = iphoneos;
				SWIFT_COMPILATION_MODE = wholemodule;
				SWIFT_OPTIMIZATION_LEVEL = "-O";
				VALIDATE_PRODUCT = YES;
			};
			name = Release;
		};
		78CEF0D725636A62000D4B6A /* Debug */ = {
			isa = XCBuildConfiguration;
			buildSettings = {
				ASSETCATALOG_COMPILER_APPICON_NAME = AppIcon;
				CODE_SIGN_STYLE = Automatic;
				INFOPLIST_FILE = Tank/Info.plist;
				LD_RUNPATH_SEARCH_PATHS = (
					"$(inherited)",
					"@executable_path/Frameworks",
				);
				PRODUCT_BUNDLE_IDENTIFIER = corey.Tank;
				PRODUCT_NAME = "$(TARGET_NAME)";
				SWIFT_VERSION = 5.0;
				TARGETED_DEVICE_FAMILY = "1,2";
			};
			name = Debug;
		};
		78CEF0D825636A62000D4B6A /* Release */ = {
			isa = XCBuildConfiguration;
			buildSettings = {
				ASSETCATALOG_COMPILER_APPICON_NAME = AppIcon;
				CODE_SIGN_STYLE = Automatic;
				INFOPLIST_FILE = Tank/Info.plist;
				LD_RUNPATH_SEARCH_PATHS = (
					"$(inherited)",
					"@executable_path/Frameworks",
				);
				PRODUCT_BUNDLE_IDENTIFIER = corey.Tank;
				PRODUCT_NAME = "$(TARGET_NAME)";
				SWIFT_VERSION = 5.0;
				TARGETED_DEVICE_FAMILY = "1,2";
			};
			name = Release;
		};
		78CEF0DA25636A62000D4B6A /* Debug */ = {
			isa = XCBuildConfiguration;
			buildSettings = {
				ALWAYS_EMBED_SWIFT_STANDARD_LIBRARIES = YES;
				BUNDLE_LOADER = "$(TEST_HOST)";
				CODE_SIGN_STYLE = Automatic;
				INFOPLIST_FILE = TankTests/Info.plist;
				IPHONEOS_DEPLOYMENT_TARGET = 13.6;
				LD_RUNPATH_SEARCH_PATHS = (
					"$(inherited)",
					"@executable_path/Frameworks",
					"@loader_path/Frameworks",
				);
				PRODUCT_BUNDLE_IDENTIFIER = corey.TankTests;
				PRODUCT_NAME = "$(TARGET_NAME)";
				SWIFT_VERSION = 5.0;
				TARGETED_DEVICE_FAMILY = "1,2";
				TEST_HOST = "$(BUILT_PRODUCTS_DIR)/Tank.app/Tank";
			};
			name = Debug;
		};
		78CEF0DB25636A62000D4B6A /* Release */ = {
			isa = XCBuildConfiguration;
			buildSettings = {
				ALWAYS_EMBED_SWIFT_STANDARD_LIBRARIES = YES;
				BUNDLE_LOADER = "$(TEST_HOST)";
				CODE_SIGN_STYLE = Automatic;
				INFOPLIST_FILE = TankTests/Info.plist;
				IPHONEOS_DEPLOYMENT_TARGET = 13.6;
				LD_RUNPATH_SEARCH_PATHS = (
					"$(inherited)",
					"@executable_path/Frameworks",
					"@loader_path/Frameworks",
				);
				PRODUCT_BUNDLE_IDENTIFIER = corey.TankTests;
				PRODUCT_NAME = "$(TARGET_NAME)";
				SWIFT_VERSION = 5.0;
				TARGETED_DEVICE_FAMILY = "1,2";
				TEST_HOST = "$(BUILT_PRODUCTS_DIR)/Tank.app/Tank";
			};
			name = Release;
		};
/* End XCBuildConfiguration section */

/* Begin XCConfigurationList section */
		78CEF0B225636A5F000D4B6A /* Build configuration list for PBXProject "Tank" */ = {
			isa = XCConfigurationList;
			buildConfigurations = (
				78CEF0D425636A62000D4B6A /* Debug */,
				78CEF0D525636A62000D4B6A /* Release */,
			);
			defaultConfigurationIsVisible = 0;
			defaultConfigurationName = Release;
		};
		78CEF0D625636A62000D4B6A /* Build configuration list for PBXNativeTarget "Tank" */ = {
			isa = XCConfigurationList;
			buildConfigurations = (
				78CEF0D725636A62000D4B6A /* Debug */,
				78CEF0D825636A62000D4B6A /* Release */,
			);
			defaultConfigurationIsVisible = 0;
			defaultConfigurationName = Release;
		};
		78CEF0D925636A62000D4B6A /* Build configuration list for PBXNativeTarget "TankTests" */ = {
			isa = XCConfigurationList;
			buildConfigurations = (
				78CEF0DA25636A62000D4B6A /* Debug */,
				78CEF0DB25636A62000D4B6A /* Release */,
			);
			defaultConfigurationIsVisible = 0;
			defaultConfigurationName = Release;
		};
/* End XCConfigurationList section */
	};
	rootObject = 78CEF0AF25636A5F000D4B6A /* Project object */;
}
